{
  "nodes": {
    "alpha-nvim-src": {
      "flake": false,
      "locked": {
        "lastModified": 1694714586,
        "narHash": "sha256-rXCibNJlNcF+p9PF7EoQM4/pnA1C+KGf7RrIyCY3OJY=",
        "owner": "goolord",
        "repo": "alpha-nvim",
        "rev": "234822140b265ec4ba3203e3e0be0e0bb826dff5",
        "type": "github"
      },
      "original": {
        "owner": "goolord",
        "repo": "alpha-nvim",
        "type": "github"
      }
    },
    "devshell": {
      "inputs": {
        "nixpkgs": [
          "nixpkgs"
        ],
        "systems": "systems"
      },
      "locked": {
        "lastModified": 1700815693,
        "narHash": "sha256-JtKZEQUzosrCwDsLgm+g6aqbP1aseUl1334OShEAS3s=",
        "owner": "numtide",
        "repo": "devshell",
        "rev": "7ad1c417c87e98e56dcef7ecd0e0a2f2e5669d51",
        "type": "github"
      },
      "original": {
        "owner": "numtide",
        "repo": "devshell",
        "type": "github"
      }
    },
    "flake-parts": {
      "inputs": {
        "nixpkgs-lib": "nixpkgs-lib"
      },
      "locked": {
        "lastModified": 1698882062,
        "narHash": "sha256-HkhafUayIqxXyHH1X8d9RDl1M2CkFgZLjKD3MzabiEo=",
        "owner": "hercules-ci",
        "repo": "flake-parts",
        "rev": "8c9fa2545007b49a5db5f650ae91f227672c3877",
        "type": "github"
      },
      "original": {
        "owner": "hercules-ci",
        "repo": "flake-parts",
        "type": "github"
      }
    },
    "flake-utils": {
      "inputs": {
        "systems": "systems_2"
      },
      "locked": {
        "lastModified": 1685518550,
        "narHash": "sha256-o2d0KcvaXzTrPRIo0kOLV0/QXHhDQ5DTi+OxcjO8xqY=",
        "owner": "numtide",
        "repo": "flake-utils",
        "rev": "a1720a10a6cfe8234c0e93907ffe81be440f4cef",
        "type": "github"
      },
      "original": {
        "owner": "numtide",
        "repo": "flake-utils",
        "type": "github"
      }
    },
    "flash-nvim-src": {
      "flake": false,
      "locked": {
        "lastModified": 1697529873,
        "narHash": "sha256-j917u46PaOG6RmsKKoUQHuBMfXfGDD/uOBzDGhKlwTE=",
        "owner": "folke",
        "repo": "flash.nvim",
        "rev": "48817af25f51c0590653bbc290866e4890fe1cbe",
        "type": "github"
      },
      "original": {
        "owner": "folke",
        "repo": "flash.nvim",
        "type": "github"
      }
    },
    "gitsigns-src": {
      "flake": false,
      "locked": {
        "lastModified": 1700736846,
        "narHash": "sha256-IOxUO5ye2J1yGt72bfRAkRSC9EIttM9waC0Snnj3XEY=",
        "owner": "lewis6991",
        "repo": "gitsigns.nvim",
        "rev": "5fc573f2d2a49aec74dd6dc977e8b137429d1897",
        "type": "github"
      },
      "original": {
        "owner": "lewis6991",
        "repo": "gitsigns.nvim",
        "type": "github"
      }
    },
    "go-enum-src": {
      "flake": false,
      "locked": {
        "lastModified": 1679866640,
        "narHash": "sha256-epGtBHngAFClrU63y5QQ130Me/lrZw4J2ZDWEuOh8Uo=",
        "owner": "abice",
        "repo": "go-enum",
        "rev": "97611fddaa414f53713597918c5e954646cb8623",
        "type": "github"
      },
      "original": {
        "owner": "abice",
        "ref": "v0.5.6",
        "repo": "go-enum",
        "type": "github"
      }
    },
    "goimports-reviser-src": {
      "flake": false,
      "locked": {
        "lastModified": 1677501112,
        "narHash": "sha256-JIXBC7fk/Bd3tTHiK+qtB+5CdAATaB/j1nvKOJrz4n4=",
        "owner": "incu6us",
        "repo": "goimports-reviser",
        "rev": "9eea91a962913b2c13c0fb5b8b70eab01982f8c7",
        "type": "github"
      },
      "original": {
        "owner": "incu6us",
        "ref": "v3.3.1",
        "repo": "goimports-reviser",
        "type": "github"
      }
    },
    "gomvp-src": {
      "flake": false,
      "locked": {
        "lastModified": 1666691794,
        "narHash": "sha256-dXjI+nItJCAGKxyC9tX11hxWHCP+NgXtTYtm5+6dqDU=",
        "owner": "abenz1267",
        "repo": "gomvp",
        "rev": "5b06c041c898822fd72cd245188e51d112adae74",
        "type": "github"
      },
      "original": {
        "owner": "abenz1267",
        "repo": "gomvp",
        "type": "github"
      }
    },
    "json-to-struct-src": {
      "flake": false,
      "locked": {
        "lastModified": 1686699998,
        "narHash": "sha256-l/XLZstZFVnYXRqtng1oiCSvhNAomyeTuI1OtCb8UHo=",
        "owner": "tmc",
        "repo": "json-to-struct",
        "rev": "1f65fffbfdbb2b0e56a3f6f6cd24daad58e90dec",
        "type": "github"
      },
      "original": {
        "owner": "tmc",
        "repo": "json-to-struct",
        "type": "github"
      }
    },
    "mini-nvim-src": {
      "flake": false,
      "locked": {
        "lastModified": 1700817802,
        "narHash": "sha256-NJN7V8+pZ09vLoEoTD7rT67GkVUTVXLDjxo39q5/isU=",
        "owner": "echasnovski",
        "repo": "mini.nvim",
        "rev": "baf17e6472b0968661dce5daa372251e934da39f",
        "type": "github"
      },
      "original": {
        "owner": "echasnovski",
        "repo": "mini.nvim",
        "type": "github"
      }
    },
    "neovim-flake": {
      "inputs": {
        "flake-utils": "flake-utils",
        "nixpkgs": [
          "nixpkgs"
        ]
      },
      "locked": {
        "dir": "contrib",
        "lastModified": 1701034900,
        "narHash": "sha256-3NO11mdsBG/jm3PKoB0Im9Xbe/0HmzKSJFqmoo9gW2s=",
        "owner": "neovim",
        "repo": "neovim",
        "rev": "3514b26a5df47094a3142103361e09b7f965fb0b",
        "type": "github"
      },
      "original": {
        "dir": "contrib",
        "owner": "neovim",
        "repo": "neovim",
        "type": "github"
      }
    },
    "nixpkgs-lib": {
      "locked": {
        "dir": "lib",
        "lastModified": 1698611440,
        "narHash": "sha256-jPjHjrerhYDy3q9+s5EAsuhyhuknNfowY6yt6pjn9pc=",
        "owner": "NixOS",
        "repo": "nixpkgs",
        "rev": "0cbe9f69c234a7700596e943bfae7ef27a31b735",
        "type": "github"
      },
      "original": {
        "dir": "lib",
        "owner": "NixOS",
        "ref": "nixos-unstable",
        "repo": "nixpkgs",
        "type": "github"
      }
    },
    "nixpkgs-master": {
      "locked": {
        "lastModified": 1701037719,
        "narHash": "sha256-iRugJrfdbc4rBybmtl09L3e2KseKjjjx8H9eUEuMO4M=",
        "owner": "NixOS",
        "repo": "nixpkgs",
        "rev": "627af21e87ce5d6a456f485292ac4ac2bc1f469f",
        "type": "github"
      },
      "original": {
        "owner": "NixOS",
        "ref": "master",
        "repo": "nixpkgs",
        "type": "github"
      }
    },
    "nvim-colorizer-src": {
      "flake": false,
      "locked": {
        "lastModified": 1677493908,
        "narHash": "sha256-hShQabr+UafsP+yicWkHycWLTbPhOpRpoa9oTMMVZ9o=",
        "owner": "NvChad",
        "repo": "nvim-colorizer.lua",
        "rev": "dde3084106a70b9a79d48f426f6d6fec6fd203f7",
        "type": "github"
      },
      "original": {
        "owner": "NvChad",
        "repo": "nvim-colorizer.lua",
        "type": "github"
      }
    },
    "nvim-guihua-src": {
      "flake": false,
      "locked": {
        "lastModified": 1699423455,
        "narHash": "sha256-2eXvIqPJP76kJwnLtgTLCsti0R0Kzpp1w7ov2xZc2D0=",
        "owner": "ray-x",
        "repo": "guihua.lua",
        "rev": "cd68996069abedffcd677ca7eee3a660b79e5b32",
        "type": "github"
      },
      "original": {
        "owner": "ray-x",
        "repo": "guihua.lua",
        "type": "github"
      }
    },
    "nvim-lightbulb-src": {
      "flake": false,
      "locked": {
        "lastModified": 1689887436,
        "narHash": "sha256-Meoop66jINllnxN6aohuPmU7DEjn64FMq/b8zuy9FEQ=",
        "owner": "kosayoda",
        "repo": "nvim-lightbulb",
        "rev": "8f00b89dd1b1dbde16872bee5fbcee2e58c9b8e9",
        "type": "github"
      },
      "original": {
        "owner": "kosayoda",
        "repo": "nvim-lightbulb",
        "type": "github"
      }
    },
    "nvim-lspconfig-src": {
      "flake": false,
      "locked": {
        "lastModified": 1700655312,
        "narHash": "sha256-1Q2RHwYQ+KoDZIHJX4orZCrNOpyqRg9HEtIHr7McoEo=",
        "owner": "neovim",
        "repo": "nvim-lspconfig",
        "rev": "553c4e0e667167640c5398573f6f3a488ff8047a",
        "type": "github"
      },
      "original": {
        "owner": "neovim",
        "repo": "nvim-lspconfig",
        "type": "github"
      }
    },
    "nvim-osc52-src": {
      "flake": false,
      "locked": {
        "lastModified": 1699797099,
        "narHash": "sha256-gkJMgWfO+cIXTDCiofmGtdYg0s21eiaH+2gVZnKAmio=",
        "owner": "ojroques",
        "repo": "nvim-osc52",
        "rev": "89307570b3bffe115d8b6b6fd3a4066cde0ba2d7",
        "type": "github"
      },
      "original": {
        "owner": "ojroques",
        "repo": "nvim-osc52",
        "type": "github"
      }
    },
    "nvim-retrail-src": {
      "flake": false,
      "locked": {
        "lastModified": 1695960000,
        "narHash": "sha256-sFd47IwHBcomN8NZ72574p4e2ciEu2GJDav7Z86D8I8=",
        "owner": "kaplanz",
        "repo": "nvim-retrail",
        "rev": "b90a5b2ec9852f189eb3751c48e189fdc9321e07",
        "type": "github"
      },
      "original": {
        "owner": "kaplanz",
        "repo": "nvim-retrail",
        "type": "github"
      }
    },
    "nvim-treesitter-src": {
      "flake": false,
      "locked": {
        "lastModified": 1701008791,
        "narHash": "sha256-fU8lQ3joZ6J2GhcTblDyEKz05tMlGqlrwvnrKhgsP1s=",
        "owner": "nvim-treesitter",
        "repo": "nvim-treesitter",
        "rev": "b056e4227b1c5d3ecfe96941352364c0c10668df",
        "type": "github"
      },
      "original": {
        "owner": "nvim-treesitter",
        "repo": "nvim-treesitter",
        "type": "github"
      }
    },
    "nvim-window-src": {
      "flake": false,
      "locked": {
        "lastModified": 1648064093,
        "narHash": "sha256-3nP/Dxl20g3Q1ojWTUxTE2NUrPq734HsxnzWhH2zttg=",
        "owner": "yorickpeterse",
        "repo": "nvim-window",
        "rev": "dd0a6b230003ef35524853d71e5413f88fd2ba74",
        "type": "gitlab"
      },
      "original": {
        "owner": "yorickpeterse",
        "repo": "nvim-window",
        "type": "gitlab"
      }
    },
    "rainbow-delimiters-src": {
      "flake": false,
      "locked": {
        "lastModified": 1700954172,
        "narHash": "sha256-5oiqWRbACsrUkuYVtAxfQucC0EBSP+9Wj2qxODJT5Ek=",
        "owner": "HiPhish",
        "repo": "rainbow-delimiters.nvim",
        "rev": "6aaaf119e32ccf707c439aeac67041221359f031",
        "type": "gitlab"
      },
      "original": {
        "owner": "HiPhish",
        "repo": "rainbow-delimiters.nvim",
        "type": "gitlab"
      }
    },
    "root": {
      "inputs": {
        "alpha-nvim-src": "alpha-nvim-src",
        "devshell": "devshell",
        "flake-parts": "flake-parts",
        "flash-nvim-src": "flash-nvim-src",
        "gitsigns-src": "gitsigns-src",
        "go-enum-src": "go-enum-src",
        "goimports-reviser-src": "goimports-reviser-src",
        "gomvp-src": "gomvp-src",
        "json-to-struct-src": "json-to-struct-src",
        "mini-nvim-src": "mini-nvim-src",
        "neovim-flake": "neovim-flake",
        "nixpkgs": [
          "nixpkgs-master"
        ],
        "nixpkgs-master": "nixpkgs-master",
        "nvim-colorizer-src": "nvim-colorizer-src",
        "nvim-guihua-src": "nvim-guihua-src",
        "nvim-lightbulb-src": "nvim-lightbulb-src",
        "nvim-lspconfig-src": "nvim-lspconfig-src",
        "nvim-osc52-src": "nvim-osc52-src",
        "nvim-retrail-src": "nvim-retrail-src",
        "nvim-treesitter-src": "nvim-treesitter-src",
        "nvim-window-src": "nvim-window-src",
        "rainbow-delimiters-src": "rainbow-delimiters-src",
        "telescope-nvim-src": "telescope-nvim-src",
        "yamlfixer-src": "yamlfixer-src",
        "yamllint-src": "yamllint-src"
      }
    },
    "systems": {
      "locked": {
        "lastModified": 1681028828,
        "narHash": "sha256-Vy1rq5AaRuLzOxct8nz4T6wlgyUR7zLU309k9mBC768=",
        "owner": "nix-systems",
        "repo": "default",
        "rev": "da67096a3b9bf56a91d16901293e51ba5b49a27e",
        "type": "github"
      },
      "original": {
        "owner": "nix-systems",
        "repo": "default",
        "type": "github"
      }
    },
    "systems_2": {
      "locked": {
        "lastModified": 1681028828,
        "narHash": "sha256-Vy1rq5AaRuLzOxct8nz4T6wlgyUR7zLU309k9mBC768=",
        "owner": "nix-systems",
        "repo": "default",
        "rev": "da67096a3b9bf56a91d16901293e51ba5b49a27e",
        "type": "github"
      },
      "original": {
        "owner": "nix-systems",
        "repo": "default",
        "type": "github"
      }
    },
    "telescope-nvim-src": {
      "flake": false,
      "locked": {
        "lastModified": 1700969870,
        "narHash": "sha256-iaABsRw+xM15gDS/u0kPfZr4Fe7gGKExkw0QnSHESlM=",
        "owner": "nvim-telescope",
        "repo": "telescope.nvim",
        "rev": "e4c62dedd760d339bea5b8325c2d918d87476d00",
        "type": "github"
      },
      "original": {
        "owner": "nvim-telescope",
        "repo": "telescope.nvim",
        "type": "github"
      }
    },
    "yamlfixer-src": {
      "flake": false,
      "locked": {
        "lastModified": 1676257363,
        "narHash": "sha256-TL35CodYZdsS7F5URVq0N/cvaTnFoTXtI34w4Bqq2bY=",
        "owner": "opt-nc",
        "repo": "yamlfixer",
        "rev": "0ce16e032d7348e996d00abb0ad79b9df610f5ef",
        "type": "github"
      },
      "original": {
        "owner": "opt-nc",
        "repo": "yamlfixer",
        "type": "github"
      }
    },
    "yamllint-src": {
      "flake": false,
      "locked": {
        "lastModified": 1700687065,
        "narHash": "sha256-a2p1OMSLC+Co5H+SAjXi03y7y6qVaoDV2vQr99MyivI=",
        "owner": "adrienverge",
        "repo": "yamllint",
        "rev": "0dcf5f4175ee18a230a6b17347095e1fe7e6d30c",
        "type": "github"
      },
      "original": {
        "owner": "adrienverge",
        "repo": "yamllint",
        "type": "github"
      }
    }
  },
  "root": "root",
  "version": 7
}
