{
  "nodes": {
    "devshell": {
      "inputs": {
        "flake-utils": "flake-utils",
        "nixpkgs": [
          "nixpkgs"
        ]
      },
      "locked": {
        "lastModified": 1704648272,
        "narHash": "sha256-zCDhWGl3bVpBKpDZ0p3NuGksZVg69BAChsY5W4KARL4=",
        "owner": "numtide",
        "repo": "devshell",
        "rev": "f54745fd4aae92443817ddc566ce06572b178b5a",
        "type": "github"
      },
      "original": {
        "owner": "numtide",
        "repo": "devshell",
        "type": "github"
      }
    },
    "flake-parts": {
      "inputs": {
        "nixpkgs-lib": "nixpkgs-lib"
      },
      "locked": {
        "lastModified": 1704152458,
        "narHash": "sha256-DS+dGw7SKygIWf9w4eNBUZsK+4Ug27NwEWmn2tnbycg=",
        "owner": "hercules-ci",
        "repo": "flake-parts",
        "rev": "88a2cd8166694ba0b6cb374700799cec53aef527",
        "type": "github"
      },
      "original": {
        "owner": "hercules-ci",
        "repo": "flake-parts",
        "type": "github"
      }
    },
    "flake-utils": {
      "inputs": {
        "systems": "systems"
      },
      "locked": {
        "lastModified": 1701680307,
        "narHash": "sha256-kAuep2h5ajznlPMD9rnQyffWG8EM/C73lejGofXvdM8=",
        "owner": "numtide",
        "repo": "flake-utils",
        "rev": "4022d587cbbfd70fe950c1e2083a02621806a725",
        "type": "github"
      },
      "original": {
        "owner": "numtide",
        "repo": "flake-utils",
        "type": "github"
      }
    },
    "flake-utils_2": {
      "inputs": {
        "systems": "systems_2"
      },
      "locked": {
        "lastModified": 1701680307,
        "narHash": "sha256-kAuep2h5ajznlPMD9rnQyffWG8EM/C73lejGofXvdM8=",
        "owner": "numtide",
        "repo": "flake-utils",
        "rev": "4022d587cbbfd70fe950c1e2083a02621806a725",
        "type": "github"
      },
      "original": {
        "owner": "numtide",
        "repo": "flake-utils",
        "type": "github"
      }
    },
    "flake-utils_3": {
      "inputs": {
        "systems": "systems_3"
      },
      "locked": {
        "lastModified": 1689068808,
        "narHash": "sha256-6ixXo3wt24N/melDWjq70UuHQLxGV8jZvooRanIHXw0=",
        "owner": "numtide",
        "repo": "flake-utils",
        "rev": "919d646de7be200f3bf08cb76ae1f09402b6f9b4",
        "type": "github"
      },
      "original": {
        "owner": "numtide",
        "repo": "flake-utils",
        "type": "github"
      }
    },
    "go-enum-src": {
      "flake": false,
      "locked": {
        "lastModified": 1679866640,
        "narHash": "sha256-epGtBHngAFClrU63y5QQ130Me/lrZw4J2ZDWEuOh8Uo=",
        "owner": "abice",
        "repo": "go-enum",
        "rev": "97611fddaa414f53713597918c5e954646cb8623",
        "type": "github"
      },
      "original": {
        "owner": "abice",
        "ref": "v0.5.6",
        "repo": "go-enum",
        "type": "github"
      }
    },
    "gomvp-src": {
      "flake": false,
      "locked": {
        "lastModified": 1666691794,
        "narHash": "sha256-dXjI+nItJCAGKxyC9tX11hxWHCP+NgXtTYtm5+6dqDU=",
        "owner": "abenz1267",
        "repo": "gomvp",
        "rev": "5b06c041c898822fd72cd245188e51d112adae74",
        "type": "github"
      },
      "original": {
        "owner": "abenz1267",
        "repo": "gomvp",
        "type": "github"
      }
    },
    "json-to-struct-src": {
      "flake": false,
      "locked": {
        "lastModified": 1686699998,
        "narHash": "sha256-l/XLZstZFVnYXRqtng1oiCSvhNAomyeTuI1OtCb8UHo=",
        "owner": "tmc",
        "repo": "json-to-struct",
        "rev": "1f65fffbfdbb2b0e56a3f6f6cd24daad58e90dec",
        "type": "github"
      },
      "original": {
        "owner": "tmc",
        "repo": "json-to-struct",
        "type": "github"
      }
    },
    "neovim-flake": {
      "inputs": {
        "flake-utils": "flake-utils_2",
        "nixpkgs": [
          "nixpkgs"
        ]
      },
      "locked": {
        "dir": "contrib",
        "lastModified": 1704862603,
        "narHash": "sha256-l4sVnyO6C/6AzbeIZZWM6rKu168xVHD1SZaqyo1FHCM=",
        "owner": "neovim",
        "repo": "neovim",
        "rev": "a7550a20e0c3084eacd2b4ede1e6a94f282c2fb8",
        "type": "github"
      },
      "original": {
        "dir": "contrib",
        "owner": "neovim",
        "repo": "neovim",
        "type": "github"
      }
    },
    "nix-github-actions": {
      "inputs": {
        "nixpkgs": [
          "nixneovimplugins",
          "poetry2nix",
          "nixpkgs"
        ]
      },
      "locked": {
        "lastModified": 1688870561,
        "narHash": "sha256-4UYkifnPEw1nAzqqPOTL2MvWtm3sNGw1UTYTalkTcGY=",
        "owner": "nix-community",
        "repo": "nix-github-actions",
        "rev": "165b1650b753316aa7f1787f3005a8d2da0f5301",
        "type": "github"
      },
      "original": {
        "owner": "nix-community",
        "repo": "nix-github-actions",
        "type": "github"
      }
    },
    "nixneovimplugins": {
      "inputs": {
        "flake-utils": "flake-utils_3",
        "nixpkgs": "nixpkgs",
        "poetry2nix": "poetry2nix"
      },
      "locked": {
        "lastModified": 1704709790,
        "narHash": "sha256-yRXsq5Wks9NWVr/KT4mELkvc4bZNMB9jDGJyEF6zFsU=",
        "owner": "jooooscha",
        "repo": "nixpkgs-vim-extra-plugins",
        "rev": "fd7a9dc409307b04afe8e927f34b43553c4a07e7",
        "type": "github"
      },
      "original": {
        "owner": "jooooscha",
        "repo": "nixpkgs-vim-extra-plugins",
        "type": "github"
      }
    },
    "nixpkgs": {
      "locked": {
        "lastModified": 1689844446,
        "narHash": "sha256-ud/6XYWbXFAJuTTApWyYlFtlc54NAxChS1T9Ns+qT7M=",
        "owner": "NixOS",
        "repo": "nixpkgs",
        "rev": "2d82894fa1e2d23a22f40275a78bfbb09b92ffde",
        "type": "github"
      },
      "original": {
        "owner": "NixOS",
        "ref": "nixpkgs-unstable",
        "repo": "nixpkgs",
        "type": "github"
      }
    },
    "nixpkgs-lib": {
      "locked": {
        "dir": "lib",
        "lastModified": 1703961334,
        "narHash": "sha256-M1mV/Cq+pgjk0rt6VxoyyD+O8cOUiai8t9Q6Yyq4noY=",
        "owner": "NixOS",
        "repo": "nixpkgs",
        "rev": "b0d36bd0a420ecee3bc916c91886caca87c894e9",
        "type": "github"
      },
      "original": {
        "dir": "lib",
        "owner": "NixOS",
        "ref": "nixos-unstable",
        "repo": "nixpkgs",
        "type": "github"
      }
    },
    "nixpkgs-master": {
      "locked": {
        "lastModified": 1704857134,
        "narHash": "sha256-tNgmHIoFuotP1902CwakE57pchFieZpGZ7KO2AeZbzU=",
        "owner": "NixOS",
        "repo": "nixpkgs",
        "rev": "78a70bef2fb1039ef64fe011a2816f6400b23739",
        "type": "github"
      },
      "original": {
        "owner": "NixOS",
        "ref": "master",
        "repo": "nixpkgs",
        "type": "github"
      }
    },
    "poetry2nix": {
      "inputs": {
        "flake-utils": [
          "nixneovimplugins",
          "flake-utils"
        ],
        "nix-github-actions": "nix-github-actions",
        "nixpkgs": [
          "nixneovimplugins",
          "nixpkgs"
        ]
      },
      "locked": {
        "lastModified": 1689849924,
        "narHash": "sha256-d259Z2S7CS7Na04qQNQ6LYQILuI7cf4Rpe76qc4mz40=",
        "owner": "nix-community",
        "repo": "poetry2nix",
        "rev": "1d7eda9336f336392d24e9602be5cb9be7ae405c",
        "type": "github"
      },
      "original": {
        "owner": "nix-community",
        "repo": "poetry2nix",
        "type": "github"
      }
    },
    "root": {
      "inputs": {
        "devshell": "devshell",
        "flake-parts": "flake-parts",
        "go-enum-src": "go-enum-src",
        "gomvp-src": "gomvp-src",
        "json-to-struct-src": "json-to-struct-src",
        "neovim-flake": "neovim-flake",
        "nixneovimplugins": "nixneovimplugins",
        "nixpkgs": [
          "nixpkgs-master"
        ],
        "nixpkgs-master": "nixpkgs-master",
        "yamlfixer-src": "yamlfixer-src",
        "yamllint-src": "yamllint-src"
      }
    },
    "systems": {
      "locked": {
        "lastModified": 1681028828,
        "narHash": "sha256-Vy1rq5AaRuLzOxct8nz4T6wlgyUR7zLU309k9mBC768=",
        "owner": "nix-systems",
        "repo": "default",
        "rev": "da67096a3b9bf56a91d16901293e51ba5b49a27e",
        "type": "github"
      },
      "original": {
        "owner": "nix-systems",
        "repo": "default",
        "type": "github"
      }
    },
    "systems_2": {
      "locked": {
        "lastModified": 1681028828,
        "narHash": "sha256-Vy1rq5AaRuLzOxct8nz4T6wlgyUR7zLU309k9mBC768=",
        "owner": "nix-systems",
        "repo": "default",
        "rev": "da67096a3b9bf56a91d16901293e51ba5b49a27e",
        "type": "github"
      },
      "original": {
        "owner": "nix-systems",
        "repo": "default",
        "type": "github"
      }
    },
    "systems_3": {
      "locked": {
        "lastModified": 1681028828,
        "narHash": "sha256-Vy1rq5AaRuLzOxct8nz4T6wlgyUR7zLU309k9mBC768=",
        "owner": "nix-systems",
        "repo": "default",
        "rev": "da67096a3b9bf56a91d16901293e51ba5b49a27e",
        "type": "github"
      },
      "original": {
        "owner": "nix-systems",
        "repo": "default",
        "type": "github"
      }
    },
    "yamlfixer-src": {
      "flake": false,
      "locked": {
        "lastModified": 1676257363,
        "narHash": "sha256-TL35CodYZdsS7F5URVq0N/cvaTnFoTXtI34w4Bqq2bY=",
        "owner": "opt-nc",
        "repo": "yamlfixer",
        "rev": "0ce16e032d7348e996d00abb0ad79b9df610f5ef",
        "type": "github"
      },
      "original": {
        "owner": "opt-nc",
        "repo": "yamlfixer",
        "type": "github"
      }
    },
    "yamllint-src": {
      "flake": false,
      "locked": {
        "lastModified": 1704783202,
        "narHash": "sha256-SDpBdI8Q2758BT8s4dUbaVbIeuToVdxlfOEI30QkuT8=",
        "owner": "adrienverge",
        "repo": "yamllint",
        "rev": "fd8ddeef8b146e4312037edfe742ee9e06195f58",
        "type": "github"
      },
      "original": {
        "owner": "adrienverge",
        "repo": "yamllint",
        "type": "github"
      }
    }
  },
  "root": "root",
  "version": 7
}
