{
  "nodes": {
    "devshell": {
      "inputs": {
        "flake-utils": "flake-utils",
        "nixpkgs": [
          "nixpkgs"
        ]
      },
      "locked": {
        "lastModified": 1705332421,
        "narHash": "sha256-USpGLPme1IuqG78JNqSaRabilwkCyHmVWY0M9vYyqEA=",
        "owner": "numtide",
        "repo": "devshell",
        "rev": "83cb93d6d063ad290beee669f4badf9914cc16ec",
        "type": "github"
      },
      "original": {
        "owner": "numtide",
        "repo": "devshell",
        "type": "github"
      }
    },
    "flake-parts": {
      "inputs": {
        "nixpkgs-lib": "nixpkgs-lib"
      },
      "locked": {
        "lastModified": 1706830856,
        "narHash": "sha256-a0NYyp+h9hlb7ddVz4LUn1vT/PLwqfrWYcHMvFB1xYg=",
        "owner": "hercules-ci",
        "repo": "flake-parts",
        "rev": "b253292d9c0a5ead9bc98c4e9a26c6312e27d69f",
        "type": "github"
      },
      "original": {
        "owner": "hercules-ci",
        "repo": "flake-parts",
        "type": "github"
      }
    },
    "flake-utils": {
      "inputs": {
        "systems": "systems"
      },
      "locked": {
        "lastModified": 1701680307,
        "narHash": "sha256-kAuep2h5ajznlPMD9rnQyffWG8EM/C73lejGofXvdM8=",
        "owner": "numtide",
        "repo": "flake-utils",
        "rev": "4022d587cbbfd70fe950c1e2083a02621806a725",
        "type": "github"
      },
      "original": {
        "owner": "numtide",
        "repo": "flake-utils",
        "type": "github"
      }
    },
    "flake-utils_2": {
      "inputs": {
        "systems": "systems_2"
      },
      "locked": {
        "lastModified": 1701680307,
        "narHash": "sha256-kAuep2h5ajznlPMD9rnQyffWG8EM/C73lejGofXvdM8=",
        "owner": "numtide",
        "repo": "flake-utils",
        "rev": "4022d587cbbfd70fe950c1e2083a02621806a725",
        "type": "github"
      },
      "original": {
        "owner": "numtide",
        "repo": "flake-utils",
        "type": "github"
      }
    },
    "flake-utils_3": {
      "inputs": {
        "systems": "systems_3"
      },
      "locked": {
        "lastModified": 1689068808,
        "narHash": "sha256-6ixXo3wt24N/melDWjq70UuHQLxGV8jZvooRanIHXw0=",
        "owner": "numtide",
        "repo": "flake-utils",
        "rev": "919d646de7be200f3bf08cb76ae1f09402b6f9b4",
        "type": "github"
      },
      "original": {
        "owner": "numtide",
        "repo": "flake-utils",
        "type": "github"
      }
    },
    "go-enum-src": {
      "flake": false,
      "locked": {
        "lastModified": 1679866640,
        "narHash": "sha256-epGtBHngAFClrU63y5QQ130Me/lrZw4J2ZDWEuOh8Uo=",
        "owner": "abice",
        "repo": "go-enum",
        "rev": "97611fddaa414f53713597918c5e954646cb8623",
        "type": "github"
      },
      "original": {
        "owner": "abice",
        "ref": "v0.5.6",
        "repo": "go-enum",
        "type": "github"
      }
    },
    "gomvp-src": {
      "flake": false,
      "locked": {
        "lastModified": 1666691794,
        "narHash": "sha256-dXjI+nItJCAGKxyC9tX11hxWHCP+NgXtTYtm5+6dqDU=",
        "owner": "abenz1267",
        "repo": "gomvp",
        "rev": "5b06c041c898822fd72cd245188e51d112adae74",
        "type": "github"
      },
      "original": {
        "owner": "abenz1267",
        "repo": "gomvp",
        "type": "github"
      }
    },
    "json-to-struct-src": {
      "flake": false,
      "locked": {
        "lastModified": 1686699998,
        "narHash": "sha256-l/XLZstZFVnYXRqtng1oiCSvhNAomyeTuI1OtCb8UHo=",
        "owner": "tmc",
        "repo": "json-to-struct",
        "rev": "1f65fffbfdbb2b0e56a3f6f6cd24daad58e90dec",
        "type": "github"
      },
      "original": {
        "owner": "tmc",
        "repo": "json-to-struct",
        "type": "github"
      }
    },
    "neovim-flake": {
      "inputs": {
        "flake-utils": "flake-utils_2",
        "nixpkgs": [
          "nixpkgs"
        ]
      },
      "locked": {
        "dir": "contrib",
        "lastModified": 1707335317,
        "narHash": "sha256-RrlAwVOK8t0WEy54Ah2wYpHDXaTC67AGkhzBOHX887s=",
        "owner": "neovim",
        "repo": "neovim",
        "rev": "59cf827f99d53ec8dbb90e48a7561c0cb8b8ca6f",
        "type": "github"
      },
      "original": {
        "dir": "contrib",
        "owner": "neovim",
        "repo": "neovim",
        "type": "github"
      }
    },
    "nix-github-actions": {
      "inputs": {
        "nixpkgs": [
          "nixneovimplugins",
          "poetry2nix",
          "nixpkgs"
        ]
      },
      "locked": {
        "lastModified": 1688870561,
        "narHash": "sha256-4UYkifnPEw1nAzqqPOTL2MvWtm3sNGw1UTYTalkTcGY=",
        "owner": "nix-community",
        "repo": "nix-github-actions",
        "rev": "165b1650b753316aa7f1787f3005a8d2da0f5301",
        "type": "github"
      },
      "original": {
        "owner": "nix-community",
        "repo": "nix-github-actions",
        "type": "github"
      }
    },
    "nixneovimplugins": {
      "inputs": {
        "flake-utils": "flake-utils_3",
        "nixpkgs": "nixpkgs",
        "poetry2nix": "poetry2nix"
      },
      "locked": {
        "lastModified": 1707056186,
        "narHash": "sha256-hBAdPS9hSx54minG9/ACUj3gdarRZzNKVd9UM46MUUY=",
        "owner": "jooooscha",
        "repo": "nixpkgs-vim-extra-plugins",
        "rev": "6bf378d902cda46848ae40cd6c80d6dff937d31b",
        "type": "github"
      },
      "original": {
        "owner": "jooooscha",
        "repo": "nixpkgs-vim-extra-plugins",
        "type": "github"
      }
    },
    "nixpkgs": {
      "locked": {
        "lastModified": 1689844446,
        "narHash": "sha256-ud/6XYWbXFAJuTTApWyYlFtlc54NAxChS1T9Ns+qT7M=",
        "owner": "NixOS",
        "repo": "nixpkgs",
        "rev": "2d82894fa1e2d23a22f40275a78bfbb09b92ffde",
        "type": "github"
      },
      "original": {
        "owner": "NixOS",
        "ref": "nixpkgs-unstable",
        "repo": "nixpkgs",
        "type": "github"
      }
    },
    "nixpkgs-lib": {
      "locked": {
        "dir": "lib",
        "lastModified": 1706550542,
        "narHash": "sha256-UcsnCG6wx++23yeER4Hg18CXWbgNpqNXcHIo5/1Y+hc=",
        "owner": "NixOS",
        "repo": "nixpkgs",
        "rev": "97b17f32362e475016f942bbdfda4a4a72a8a652",
        "type": "github"
      },
      "original": {
        "dir": "lib",
        "owner": "NixOS",
        "ref": "nixos-unstable",
        "repo": "nixpkgs",
        "type": "github"
      }
    },
    "nixpkgs-master": {
      "locked": {
        "lastModified": 1707345273,
        "narHash": "sha256-51lR4mUmw3/d6PM0D/SD4lGmdTyybnh3uPMntCsDEQc=",
        "owner": "NixOS",
        "repo": "nixpkgs",
        "rev": "5ae98f700776ee4017269c9e2599b0e07c947adb",
        "type": "github"
      },
      "original": {
        "owner": "NixOS",
        "ref": "master",
        "repo": "nixpkgs",
        "type": "github"
      }
    },
    "poetry2nix": {
      "inputs": {
        "flake-utils": [
          "nixneovimplugins",
          "flake-utils"
        ],
        "nix-github-actions": "nix-github-actions",
        "nixpkgs": [
          "nixneovimplugins",
          "nixpkgs"
        ]
      },
      "locked": {
        "lastModified": 1689849924,
        "narHash": "sha256-d259Z2S7CS7Na04qQNQ6LYQILuI7cf4Rpe76qc4mz40=",
        "owner": "nix-community",
        "repo": "poetry2nix",
        "rev": "1d7eda9336f336392d24e9602be5cb9be7ae405c",
        "type": "github"
      },
      "original": {
        "owner": "nix-community",
        "repo": "poetry2nix",
        "type": "github"
      }
    },
    "root": {
      "inputs": {
        "devshell": "devshell",
        "flake-parts": "flake-parts",
        "go-enum-src": "go-enum-src",
        "gomvp-src": "gomvp-src",
        "json-to-struct-src": "json-to-struct-src",
        "neovim-flake": "neovim-flake",
        "nixneovimplugins": "nixneovimplugins",
        "nixpkgs": [
          "nixpkgs-master"
        ],
        "nixpkgs-master": "nixpkgs-master",
        "yamlfixer-src": "yamlfixer-src",
        "yamllint-src": "yamllint-src"
      }
    },
    "systems": {
      "locked": {
        "lastModified": 1681028828,
        "narHash": "sha256-Vy1rq5AaRuLzOxct8nz4T6wlgyUR7zLU309k9mBC768=",
        "owner": "nix-systems",
        "repo": "default",
        "rev": "da67096a3b9bf56a91d16901293e51ba5b49a27e",
        "type": "github"
      },
      "original": {
        "owner": "nix-systems",
        "repo": "default",
        "type": "github"
      }
    },
    "systems_2": {
      "locked": {
        "lastModified": 1681028828,
        "narHash": "sha256-Vy1rq5AaRuLzOxct8nz4T6wlgyUR7zLU309k9mBC768=",
        "owner": "nix-systems",
        "repo": "default",
        "rev": "da67096a3b9bf56a91d16901293e51ba5b49a27e",
        "type": "github"
      },
      "original": {
        "owner": "nix-systems",
        "repo": "default",
        "type": "github"
      }
    },
    "systems_3": {
      "locked": {
        "lastModified": 1681028828,
        "narHash": "sha256-Vy1rq5AaRuLzOxct8nz4T6wlgyUR7zLU309k9mBC768=",
        "owner": "nix-systems",
        "repo": "default",
        "rev": "da67096a3b9bf56a91d16901293e51ba5b49a27e",
        "type": "github"
      },
      "original": {
        "owner": "nix-systems",
        "repo": "default",
        "type": "github"
      }
    },
    "yamlfixer-src": {
      "flake": false,
      "locked": {
        "lastModified": 1676257363,
        "narHash": "sha256-TL35CodYZdsS7F5URVq0N/cvaTnFoTXtI34w4Bqq2bY=",
        "owner": "opt-nc",
        "repo": "yamlfixer",
        "rev": "0ce16e032d7348e996d00abb0ad79b9df610f5ef",
        "type": "github"
      },
      "original": {
        "owner": "opt-nc",
        "repo": "yamlfixer",
        "type": "github"
      }
    },
    "yamllint-src": {
      "flake": false,
      "locked": {
        "lastModified": 1707231293,
        "narHash": "sha256-pklTD4kaldeuyU8hw5ep1fGH4anKE9w3StONQ1F1lgI=",
        "owner": "adrienverge",
        "repo": "yamllint",
        "rev": "f66855bf2d73357047118de68ce8224297c3ef5a",
        "type": "github"
      },
      "original": {
        "owner": "adrienverge",
        "repo": "yamllint",
        "type": "github"
      }
    }
  },
  "root": "root",
  "version": 7
}
